
Microsoft Visual Studio Solution File, Format Version 12.00
# Visual Studio Version 16
VisualStudioVersion = 16.0.29709.97
MinimumVisualStudioVersion = 10.0.40219.1
Project("{9A19103F-16F7-4668-BE54-9A1E7A4F7556}") = "FizzBuzz_Epinova", "FizzBuzz_Epinova\FizzBuzz_Epinova.csproj", "{09C9735D-309F-44ED-BA48-959927BB41B2}"
EndProject
Project("{FAE04EC0-301F-11D3-BF4B-00C04F79EFBC}") = "FizzBuzz_EpinovaTests", "FizzBuzz_EpinovaTests\FizzBuzz_EpinovaTests.csproj", "{FE96C9B4-6BE6-4249-9A5E-319DC835CFE8}"
EndProject
Global
	GlobalSection(SolutionConfigurationPlatforms) = preSolution
		Debug|Any CPU = Debug|Any CPU
		Release|Any CPU = Release|Any CPU
	EndGlobalSection
	GlobalSection(ProjectConfigurationPlatforms) = postSolution
		{09C9735D-309F-44ED-BA48-959927BB41B2}.Debug|Any CPU.ActiveCfg = Debug|Any CPU
		{09C9735D-309F-44ED-BA48-959927BB41B2}.Debug|Any CPU.Build.0 = Debug|Any CPU
		{09C9735D-309F-44ED-BA48-959927BB41B2}.Release|Any CPU.ActiveCfg = Release|Any CPU
		{09C9735D-309F-44ED-BA48-959927BB41B2}.Release|Any CPU.Build.0 = Release|Any CPU
		{FE96C9B4-6BE6-4249-9A5E-319DC835CFE8}.Debug|Any CPU.ActiveCfg = Debug|Any CPU
		{FE96C9B4-6BE6-4249-9A5E-319DC835CFE8}.Debug|Any CPU.Build.0 = Debug|Any CPU
		{FE96C9B4-6BE6-4249-9A5E-319DC835CFE8}.Release|Any CPU.ActiveCfg = Release|Any CPU
		{FE96C9B4-6BE6-4249-9A5E-319DC835CFE8}.Release|Any CPU.Build.0 = Release|Any CPU
	EndGlobalSection
	GlobalSection(SolutionProperties) = preSolution
		HideSolutionNode = FALSE
	EndGlobalSection
	GlobalSection(ExtensibilityGlobals) = postSolution
		SolutionGuid = {C7F50545-A27D-4BDD-9F8D-4D1DCEFE4432}
	EndGlobalSection
EndGlobal
